
Microsoft Visual Studio Solution File, Format Version 12.00
# Visual Studio Version 17
VisualStudioVersion = 17.2.32616.157
MinimumVisualStudioVersion = 10.0.40219.1
Project("{FAE04EC0-301F-11D3-BF4B-00C04F79EFBC}") = "dataHora160523", "dataHora160523\dataHora160523.csproj", "{29EED618-D654-4767-9FD3-5BA1CB5A28A2}"
EndProject
Project("{FAE04EC0-301F-11D3-BF4B-00C04F79EFBC}") = "dataNasc160523", "dataNasc160523\dataNasc160523.csproj", "{234D4DF5-A03F-4761-A3D2-F510CDACC180}"
EndProject
Project("{FAE04EC0-301F-11D3-BF4B-00C04F79EFBC}") = "idadeCompleta", "idadeCompleta\idadeCompleta.csproj", "{2B1BC47C-473C-4E44-BF4E-EEA5D39E761D}"
EndProject
Project("{FAE04EC0-301F-11D3-BF4B-00C04F79EFBC}") = "exemploProfIdadeCompleta", "exemploProfIdadeCompleta\exemploProfIdadeCompleta.csproj", "{17AC466A-2725-44C2-BB24-76DC7618629D}"
EndProject
Global
	GlobalSection(SolutionConfigurationPlatforms) = preSolution
		Debug|Any CPU = Debug|Any CPU
		Release|Any CPU = Release|Any CPU
	EndGlobalSection
	GlobalSection(ProjectConfigurationPlatforms) = postSolution
		{29EED618-D654-4767-9FD3-5BA1CB5A28A2}.Debug|Any CPU.ActiveCfg = Debug|Any CPU
		{29EED618-D654-4767-9FD3-5BA1CB5A28A2}.Debug|Any CPU.Build.0 = Debug|Any CPU
		{29EED618-D654-4767-9FD3-5BA1CB5A28A2}.Release|Any CPU.ActiveCfg = Release|Any CPU
		{29EED618-D654-4767-9FD3-5BA1CB5A28A2}.Release|Any CPU.Build.0 = Release|Any CPU
		{234D4DF5-A03F-4761-A3D2-F510CDACC180}.Debug|Any CPU.ActiveCfg = Debug|Any CPU
		{234D4DF5-A03F-4761-A3D2-F510CDACC180}.Debug|Any CPU.Build.0 = Debug|Any CPU
		{234D4DF5-A03F-4761-A3D2-F510CDACC180}.Release|Any CPU.ActiveCfg = Release|Any CPU
		{234D4DF5-A03F-4761-A3D2-F510CDACC180}.Release|Any CPU.Build.0 = Release|Any CPU
		{2B1BC47C-473C-4E44-BF4E-EEA5D39E761D}.Debug|Any CPU.ActiveCfg = Debug|Any CPU
		{2B1BC47C-473C-4E44-BF4E-EEA5D39E761D}.Debug|Any CPU.Build.0 = Debug|Any CPU
		{2B1BC47C-473C-4E44-BF4E-EEA5D39E761D}.Release|Any CPU.ActiveCfg = Release|Any CPU
		{2B1BC47C-473C-4E44-BF4E-EEA5D39E761D}.Release|Any CPU.Build.0 = Release|Any CPU
		{17AC466A-2725-44C2-BB24-76DC7618629D}.Debug|Any CPU.ActiveCfg = Debug|Any CPU
		{17AC466A-2725-44C2-BB24-76DC7618629D}.Debug|Any CPU.Build.0 = Debug|Any CPU
		{17AC466A-2725-44C2-BB24-76DC7618629D}.Release|Any CPU.ActiveCfg = Release|Any CPU
		{17AC466A-2725-44C2-BB24-76DC7618629D}.Release|Any CPU.Build.0 = Release|Any CPU
	EndGlobalSection
	GlobalSection(SolutionProperties) = preSolution
		HideSolutionNode = FALSE
	EndGlobalSection
	GlobalSection(ExtensibilityGlobals) = postSolution
		SolutionGuid = {ED48C02D-76CE-4D78-9A2F-AEF1AF4E0296}
	EndGlobalSection
EndGlobal
