
Microsoft Visual Studio Solution File, Format Version 12.00
# Visual Studio Version 17
VisualStudioVersion = 17.2.32616.157
MinimumVisualStudioVersion = 10.0.40219.1
Project("{FAE04EC0-301F-11D3-BF4B-00C04F79EFBC}") = "113062023", "113062023\113062023.csproj", "{D24438E4-0E05-4A4A-8662-B0E35B9B27E1}"
EndProject
Project("{FAE04EC0-301F-11D3-BF4B-00C04F79EFBC}") = "213062023", "213062023\213062023.csproj", "{F70433CA-1E31-40C1-8440-BFA9CDBFC8A3}"
EndProject
Global
	GlobalSection(SolutionConfigurationPlatforms) = preSolution
		Debug|Any CPU = Debug|Any CPU
		Release|Any CPU = Release|Any CPU
	EndGlobalSection
	GlobalSection(ProjectConfigurationPlatforms) = postSolution
		{D24438E4-0E05-4A4A-8662-B0E35B9B27E1}.Debug|Any CPU.ActiveCfg = Debug|Any CPU
		{D24438E4-0E05-4A4A-8662-B0E35B9B27E1}.Debug|Any CPU.Build.0 = Debug|Any CPU
		{D24438E4-0E05-4A4A-8662-B0E35B9B27E1}.Release|Any CPU.ActiveCfg = Release|Any CPU
		{D24438E4-0E05-4A4A-8662-B0E35B9B27E1}.Release|Any CPU.Build.0 = Release|Any CPU
		{F70433CA-1E31-40C1-8440-BFA9CDBFC8A3}.Debug|Any CPU.ActiveCfg = Debug|Any CPU
		{F70433CA-1E31-40C1-8440-BFA9CDBFC8A3}.Debug|Any CPU.Build.0 = Debug|Any CPU
		{F70433CA-1E31-40C1-8440-BFA9CDBFC8A3}.Release|Any CPU.ActiveCfg = Release|Any CPU
		{F70433CA-1E31-40C1-8440-BFA9CDBFC8A3}.Release|Any CPU.Build.0 = Release|Any CPU
	EndGlobalSection
	GlobalSection(SolutionProperties) = preSolution
		HideSolutionNode = FALSE
	EndGlobalSection
	GlobalSection(ExtensibilityGlobals) = postSolution
		SolutionGuid = {B21B23F6-D106-463A-A52B-F0FDBE3579D9}
	EndGlobalSection
EndGlobal
