
Microsoft Visual Studio Solution File, Format Version 12.00
# Visual Studio Version 17
VisualStudioVersion = 17.2.32616.157
MinimumVisualStudioVersion = 10.0.40219.1
Project("{FAE04EC0-301F-11D3-BF4B-00C04F79EFBC}") = "aula010314", "aula010314\aula010314.csproj", "{729034C5-DEC2-4285-A369-DB4C6E93351F}"
EndProject
Project("{FAE04EC0-301F-11D3-BF4B-00C04F79EFBC}") = "aula020314", "aula020314\aula020314.csproj", "{64AE6772-3A3E-41E1-87ED-FB3E50A66FD9}"
EndProject
Project("{FAE04EC0-301F-11D3-BF4B-00C04F79EFBC}") = "aula030314", "aula030314\aula030314.csproj", "{CAB57293-85AC-4FE9-B5C5-D8C11E504361}"
EndProject
Project("{FAE04EC0-301F-11D3-BF4B-00C04F79EFBC}") = "aula040314", "aula040314\aula040314.csproj", "{B86532A1-880B-4ACD-8AAB-A5DEC0AE2F5E}"
EndProject
Project("{FAE04EC0-301F-11D3-BF4B-00C04F79EFBC}") = "aula050316", "aula050316\aula050316.csproj", "{F78FC89C-12B9-4DAD-81E7-BE96306D2020}"
EndProject
Project("{FAE04EC0-301F-11D3-BF4B-00C04F79EFBC}") = "aula060316", "aula060316\aula060316.csproj", "{82064971-C750-4E01-846B-80E724432F2C}"
EndProject
Project("{FAE04EC0-301F-11D3-BF4B-00C04F79EFBC}") = "aula070316", "aula070316\aula070316.csproj", "{2DEB13E6-86F9-4796-84D3-742DFB3B7D38}"
EndProject
Global
	GlobalSection(SolutionConfigurationPlatforms) = preSolution
		Debug|Any CPU = Debug|Any CPU
		Release|Any CPU = Release|Any CPU
	EndGlobalSection
	GlobalSection(ProjectConfigurationPlatforms) = postSolution
		{729034C5-DEC2-4285-A369-DB4C6E93351F}.Debug|Any CPU.ActiveCfg = Debug|Any CPU
		{729034C5-DEC2-4285-A369-DB4C6E93351F}.Debug|Any CPU.Build.0 = Debug|Any CPU
		{729034C5-DEC2-4285-A369-DB4C6E93351F}.Release|Any CPU.ActiveCfg = Release|Any CPU
		{729034C5-DEC2-4285-A369-DB4C6E93351F}.Release|Any CPU.Build.0 = Release|Any CPU
		{64AE6772-3A3E-41E1-87ED-FB3E50A66FD9}.Debug|Any CPU.ActiveCfg = Debug|Any CPU
		{64AE6772-3A3E-41E1-87ED-FB3E50A66FD9}.Debug|Any CPU.Build.0 = Debug|Any CPU
		{64AE6772-3A3E-41E1-87ED-FB3E50A66FD9}.Release|Any CPU.ActiveCfg = Release|Any CPU
		{64AE6772-3A3E-41E1-87ED-FB3E50A66FD9}.Release|Any CPU.Build.0 = Release|Any CPU
		{CAB57293-85AC-4FE9-B5C5-D8C11E504361}.Debug|Any CPU.ActiveCfg = Debug|Any CPU
		{CAB57293-85AC-4FE9-B5C5-D8C11E504361}.Debug|Any CPU.Build.0 = Debug|Any CPU
		{CAB57293-85AC-4FE9-B5C5-D8C11E504361}.Release|Any CPU.ActiveCfg = Release|Any CPU
		{CAB57293-85AC-4FE9-B5C5-D8C11E504361}.Release|Any CPU.Build.0 = Release|Any CPU
		{B86532A1-880B-4ACD-8AAB-A5DEC0AE2F5E}.Debug|Any CPU.ActiveCfg = Debug|Any CPU
		{B86532A1-880B-4ACD-8AAB-A5DEC0AE2F5E}.Debug|Any CPU.Build.0 = Debug|Any CPU
		{B86532A1-880B-4ACD-8AAB-A5DEC0AE2F5E}.Release|Any CPU.ActiveCfg = Release|Any CPU
		{B86532A1-880B-4ACD-8AAB-A5DEC0AE2F5E}.Release|Any CPU.Build.0 = Release|Any CPU
		{F78FC89C-12B9-4DAD-81E7-BE96306D2020}.Debug|Any CPU.ActiveCfg = Debug|Any CPU
		{F78FC89C-12B9-4DAD-81E7-BE96306D2020}.Debug|Any CPU.Build.0 = Debug|Any CPU
		{F78FC89C-12B9-4DAD-81E7-BE96306D2020}.Release|Any CPU.ActiveCfg = Release|Any CPU
		{F78FC89C-12B9-4DAD-81E7-BE96306D2020}.Release|Any CPU.Build.0 = Release|Any CPU
		{82064971-C750-4E01-846B-80E724432F2C}.Debug|Any CPU.ActiveCfg = Debug|Any CPU
		{82064971-C750-4E01-846B-80E724432F2C}.Debug|Any CPU.Build.0 = Debug|Any CPU
		{82064971-C750-4E01-846B-80E724432F2C}.Release|Any CPU.ActiveCfg = Release|Any CPU
		{82064971-C750-4E01-846B-80E724432F2C}.Release|Any CPU.Build.0 = Release|Any CPU
		{2DEB13E6-86F9-4796-84D3-742DFB3B7D38}.Debug|Any CPU.ActiveCfg = Debug|Any CPU
		{2DEB13E6-86F9-4796-84D3-742DFB3B7D38}.Debug|Any CPU.Build.0 = Debug|Any CPU
		{2DEB13E6-86F9-4796-84D3-742DFB3B7D38}.Release|Any CPU.ActiveCfg = Release|Any CPU
		{2DEB13E6-86F9-4796-84D3-742DFB3B7D38}.Release|Any CPU.Build.0 = Release|Any CPU
	EndGlobalSection
	GlobalSection(SolutionProperties) = preSolution
		HideSolutionNode = FALSE
	EndGlobalSection
	GlobalSection(ExtensibilityGlobals) = postSolution
		SolutionGuid = {B4BBAD07-0EE0-48C8-90CF-1FF7427F8D8C}
	EndGlobalSection
EndGlobal
